{
  "version": 4,
  "terraform_version": "1.5.7",
  "serial": 20,
  "lineage": "119f46c8-134c-ef62-b23f-70b0fad37d3f",
  "outputs": {
    "autonomous_database_admin_password": {
      "value": [
        "Welcome12345"
      ],
      "type": [
        "tuple",
        [
          "string"
        ]
      ]
    },
    "lab_oke_cluster_id": {
      "value": "ocid1.cluster.oc1.mx-queretaro-1.aaaaaaaaopclvuu2h7f2ogfo6pp5et7wolzovq6aet5ecxkqkcfdunizwrdq",
      "type": "string"
    },
    "ns_objectstorage_namespace": {
      "value": [
        "axcez6ydclsd"
      ],
      "type": [
        "tuple",
        [
          "string"
        ]
      ]
    }
  },
  "resources": [
    {
      "mode": "data",
      "type": "oci_containerengine_cluster_option",
      "name": "mtdrworkshop_cluster_option",
      "provider": "provider[\"registry.terraform.io/hashicorp/oci\"]",
      "instances": [
        {
          "schema_version": 0,
          "attributes": {
            "cluster_option_id": "all",
            "compartment_id": null,
            "id": "ContainerengineClusterOptionDataSource-1870923232",
            "kubernetes_versions": [
              "v1.29.1",
              "v1.29.10",
              "v1.30.1",
              "v1.31.1",
              "v1.32.1"
            ]
          },
          "sensitive_attributes": []
        }
      ]
    },
    {
      "mode": "data",
      "type": "oci_containerengine_node_pool_option",
      "name": "mtdrworkshop_node_pool_option",
      "provider": "provider[\"registry.terraform.io/hashicorp/oci\"]",
      "instances": [
        {
          "schema_version": 0,
          "attributes": {
            "compartment_id": null,
            "id": "ContainerengineNodePoolOptionDataSource-1870923232",
            "images": [],
            "kubernetes_versions": [
              "v1.29.1",
              "v1.29.10",
              "v1.30.1",
              "v1.31.1",
              "v1.32.1"
            ],
            "node_pool_option_id": "all",
            "shapes": [
              "BM.Standard.A1.160",
              "BM.Standard.E3.128",
              "BM.Standard.E4.128",
              "BM.Standard.E5.192",
              "BM.Standard2.52",
              "BM.Standard3.64",
              "VM.Standard.A1.Flex",
              "VM.Standard.E3.Flex",
              "VM.Standard.E4.Flex",
              "VM.Standard.E5.Flex",
              "VM.Standard2.1",
              "VM.Standard2.16",
              "VM.Standard2.2",
              "VM.Standard2.24",
              "VM.Standard2.4",
              "VM.Standard2.8",
              "VM.Standard3.Flex"
            ],
            "sources": [
              {
                "image_id": "ocid1.image.oc1.mx-queretaro-1.aaaaaaaa6nw2nnf3vnhupxnvt4xs4avwm6i7lpuawbauw7zut7ic5pqkpaia",
                "source_name": "Oracle-Linux-8.10-aarch64-2025.02.28-0-OKE-1.32.1-760",
                "source_type": "IMAGE"
              },
              {
                "image_id": "ocid1.image.oc1.mx-queretaro-1.aaaaaaaaqtp4pog7usjioezykoudi7dkuh3sxlrktu64r2jgle2s26xtfoqa",
                "source_name": "Oracle-Linux-8.10-aarch64-2025.02.28-0-OKE-1.31.1-760",
                "source_type": "IMAGE"
              },
              {
                "image_id": "ocid1.image.oc1.mx-queretaro-1.aaaaaaaazs3x7l7wi3n55n4griua55s4rzy3ejbgnwzdz732vgaadtvlkvdq",
                "source_name": "Oracle-Linux-8.10-aarch64-2025.02.28-0-OKE-1.30.1-760",
                "source_type": "IMAGE"
              },
              {
                "image_id": "ocid1.image.oc1.mx-queretaro-1.aaaaaaaaipwuiavyogg4wnpb3ssjt6lg4eqabd32bgfamu5cftenkfrva55a",
                "source_name": "Oracle-Linux-8.10-aarch64-2025.02.28-0-OKE-1.29.10-760",
                "source_type": "IMAGE"
              },
              {
                "image_id": "ocid1.image.oc1.mx-queretaro-1.aaaaaaaanruni5kytpiwpclvfhlvjjfrjneowa67wz2yzcnggvryprrxcgga",
                "source_name": "Oracle-Linux-8.10-aarch64-2025.01.31-0-OKE-1.32.1-758",
                "source_type": "IMAGE"
              },
              {
                "image_id": "ocid1.image.oc1.mx-queretaro-1.aaaaaaaaelxoszbwi6lrw5xtgiapomiyxhsuj2f5blrrmnmyb7txuix3hwqa",
                "source_name": "Oracle-Linux-8.10-aarch64-2024.11.30-0-OKE-1.31.1-754",
                "source_type": "IMAGE"
              },
              {
                "image_id": "ocid1.image.oc1.mx-queretaro-1.aaaaaaaapptzmagwe4ukzdxfwa2ualewbnynwm6havm5tlp2lkpn4c7lr6ua",
                "source_name": "Oracle-Linux-8.10-aarch64-2024.11.30-0-OKE-1.30.1-754",
                "source_type": "IMAGE"
              },
              {
                "image_id": "ocid1.image.oc1.mx-queretaro-1.aaaaaaaaxgqxigxiz34libu6a63pcscpkjyz3kvhwdjwuulp3rcw35qfp7nq",
                "source_name": "Oracle-Linux-8.10-aarch64-2024.11.30-0-OKE-1.29.10-754",
                "source_type": "IMAGE"
              },
              {
                "image_id": "ocid1.image.oc1.mx-queretaro-1.aaaaaaaabrjtfwbftgbhuh7cgihchcihtq7o33v2ukomw7dq4tabn6xentxq",
                "source_name": "Oracle-Linux-8.10-aarch64-2024.11.30-0-OKE-1.29.1-754",
                "source_type": "IMAGE"
              },
              {
                "image_id": "ocid1.image.oc1.mx-queretaro-1.aaaaaaaa3bamglvhh6wuvhnrl4scddbdkl3et3ekr45swjl6fnnsekuyn5pq",
                "source_name": "Oracle-Linux-8.10-aarch64-2024.09.30-0-OKE-1.31.1-748",
                "source_type": "IMAGE"
              },
              {
                "image_id": "ocid1.image.oc1.mx-queretaro-1.aaaaaaaa23djw3zq2utc6w6eqw3kubglel2npangr42q3aef3z5g2oz2ftsa",
                "source_name": "Oracle-Linux-8.10-aarch64-2024.09.30-0-OKE-1.30.1-747",
                "source_type": "IMAGE"
              },
              {
                "image_id": "ocid1.image.oc1.mx-queretaro-1.aaaaaaaai7hbkqzlsnuifrweryjzdj3f7hifbqcfcusr5s3lhqoxwjobqd7a",
                "source_name": "Oracle-Linux-8.10-aarch64-2024.09.30-0-OKE-1.29.1-747",
                "source_type": "IMAGE"
              },
              {
                "image_id": "ocid1.image.oc1.mx-queretaro-1.aaaaaaaawzedl3kedgkug5urvzknt7oiqlgtbi3a4y73r62wq6av7yvfx7sq",
                "source_name": "Oracle-Linux-8.10-aarch64-2024.07.31-0-OKE-1.29.1-720",
                "source_type": "IMAGE"
              },
              {
                "image_id": "ocid1.image.oc1.mx-queretaro-1.aaaaaaaafzh4kat7pb27m3rnvcgtizwsbzzpqvhgyfl2qgpkhncmxncrwq6q",
                "source_name": "Oracle-Linux-8.10-Gen2-GPU-2025.02.28-0-OKE-1.32.1-760",
                "source_type": "IMAGE"
              },
              {
                "image_id": "ocid1.image.oc1.mx-queretaro-1.aaaaaaaaswcklcooybokgukozoil4k64ov3lsz4tz7hhgtrvhfgaa6kxxhia",
                "source_name": "Oracle-Linux-8.10-Gen2-GPU-2025.02.28-0-OKE-1.31.1-760",
                "source_type": "IMAGE"
              },
              {
                "image_id": "ocid1.image.oc1.mx-queretaro-1.aaaaaaaavlvtvrhp7bzoc4hgh4bigqgiy5y7v4ijvmpejvoaoiojxcqnipbq",
                "source_name": "Oracle-Linux-8.10-Gen2-GPU-2025.02.28-0-OKE-1.30.1-760",
                "source_type": "IMAGE"
              },
              {
                "image_id": "ocid1.image.oc1.mx-queretaro-1.aaaaaaaapf5dh4p3swxqdzpgfd7e732dw5mmgwgfyxm5zi77wprids46scla",
                "source_name": "Oracle-Linux-8.10-Gen2-GPU-2025.02.28-0-OKE-1.29.10-760",
                "source_type": "IMAGE"
              },
              {
                "image_id": "ocid1.image.oc1.mx-queretaro-1.aaaaaaaaacdr6pls7rj3edatwo3ltu2anjh6vzipd3ppnflhdroivm5pv33a",
                "source_name": "Oracle-Linux-8.10-Gen2-GPU-2025.01.31-0-OKE-1.32.1-758",
                "source_type": "IMAGE"
              },
              {
                "image_id": "ocid1.image.oc1.mx-queretaro-1.aaaaaaaarzayzeucn7ofwkycp2wbm7c53vnm3kncgpqrhrzvbti6z7srgteq",
                "source_name": "Oracle-Linux-8.10-Gen2-GPU-2024.11.30-0-OKE-1.31.1-754",
                "source_type": "IMAGE"
              },
              {
                "image_id": "ocid1.image.oc1.mx-queretaro-1.aaaaaaaam36wfvgbbpanapsmcxbxrkwwipiwcyrmtssr3twkeh6mf35lih7a",
                "source_name": "Oracle-Linux-8.10-Gen2-GPU-2024.11.30-0-OKE-1.30.1-754",
                "source_type": "IMAGE"
              },
              {
                "image_id": "ocid1.image.oc1.mx-queretaro-1.aaaaaaaaer4qkjrtnqn6t36n4hsgg76ex4ksdmbomesk564ytkbl7ddli4qa",
                "source_name": "Oracle-Linux-8.10-Gen2-GPU-2024.11.30-0-OKE-1.29.10-754",
                "source_type": "IMAGE"
              },
              {
                "image_id": "ocid1.image.oc1.mx-queretaro-1.aaaaaaaa7uevtndg7uqx33tiupy25txcoq7hxnot542otkqjenj7dxpraetq",
                "source_name": "Oracle-Linux-8.10-Gen2-GPU-2024.11.30-0-OKE-1.29.1-754",
                "source_type": "IMAGE"
              },
              {
                "image_id": "ocid1.image.oc1.mx-queretaro-1.aaaaaaaa2d6k6sfdeb44ji7dwefxhkzw7nsplqhcnl5g5brulxspt7tjnc3a",
                "source_name": "Oracle-Linux-8.10-Gen2-GPU-2024.09.30-0-OKE-1.31.1-748",
                "source_type": "IMAGE"
              },
              {
                "image_id": "ocid1.image.oc1.mx-queretaro-1.aaaaaaaawe7hhvszyoel2zdehup7h5ebxwaynrccxofptp7w5ojdqhsn7fjq",
                "source_name": "Oracle-Linux-8.10-Gen2-GPU-2024.09.30-0-OKE-1.30.1-747",
                "source_type": "IMAGE"
              },
              {
                "image_id": "ocid1.image.oc1.mx-queretaro-1.aaaaaaaax6hfupr6umguripcfsue54cuz7kxlhex3isqyefzpklve2ewe6bq",
                "source_name": "Oracle-Linux-8.10-Gen2-GPU-2024.09.30-0-OKE-1.29.1-747",
                "source_type": "IMAGE"
              },
              {
                "image_id": "ocid1.image.oc1.mx-queretaro-1.aaaaaaaauribemkkd7azfoo3hqnyb25pjjoaakrunstfd4ec4xq3hakhwdyq",
                "source_name": "Oracle-Linux-8.10-Gen2-GPU-2024.07.31-0-OKE-1.29.1-720",
                "source_type": "IMAGE"
              },
              {
                "image_id": "ocid1.image.oc1.mx-queretaro-1.aaaaaaaaevhtjr6kpo6a2f3xgoj7535rdfmr7o4gw6ichdjfnr477qv5llra",
                "source_name": "Oracle-Linux-8.10-2025.02.28-0-OKE-1.32.1-760",
                "source_type": "IMAGE"
              },
              {
                "image_id": "ocid1.image.oc1.mx-queretaro-1.aaaaaaaawgh5bbwo53eltzcsglynw2yfrohn7nr7s2n34twqn64rkjx7axha",
                "source_name": "Oracle-Linux-8.10-2025.02.28-0-OKE-1.31.1-760",
                "source_type": "IMAGE"
              },
              {
                "image_id": "ocid1.image.oc1.mx-queretaro-1.aaaaaaaavo3x5nho6gfzwxhlvspsp4tvvydol2odiwtccxikxjejl6t4yfwq",
                "source_name": "Oracle-Linux-8.10-2025.02.28-0-OKE-1.30.1-760",
                "source_type": "IMAGE"
              },
              {
                "image_id": "ocid1.image.oc1.mx-queretaro-1.aaaaaaaascu2v22w5o67ohijc3zyorc5pblhdzlykeplzvahsbzatazdfsca",
                "source_name": "Oracle-Linux-8.10-2025.02.28-0-OKE-1.29.10-760",
                "source_type": "IMAGE"
              },
              {
                "image_id": "ocid1.image.oc1.mx-queretaro-1.aaaaaaaaayna34w3juohmaehpewz5soywyjqjdcayyh4g5e3vsw5wfdlru4a",
                "source_name": "Oracle-Linux-8.10-2025.01.31-0-OKE-1.32.1-758",
                "source_type": "IMAGE"
              },
              {
                "image_id": "ocid1.image.oc1.mx-queretaro-1.aaaaaaaardljbn4ycp6ptcwixc2gzt3pflomjq6vtdtkprp5wiw7kuiuh3va",
                "source_name": "Oracle-Linux-8.10-2024.11.30-0-OKE-1.31.1-754",
                "source_type": "IMAGE"
              },
              {
                "image_id": "ocid1.image.oc1.mx-queretaro-1.aaaaaaaado4sdl2gqcclqpjypwlz2erinb7k7n4oyeshfawoczj26wv62opq",
                "source_name": "Oracle-Linux-8.10-2024.11.30-0-OKE-1.30.1-754",
                "source_type": "IMAGE"
              },
              {
                "image_id": "ocid1.image.oc1.mx-queretaro-1.aaaaaaaa3qlgxca2tpqafvwllneuhc5f4vqlrdzp4sq5nscmhp27wblkvp7q",
                "source_name": "Oracle-Linux-8.10-2024.11.30-0-OKE-1.29.10-754",
                "source_type": "IMAGE"
              },
              {
                "image_id": "ocid1.image.oc1.mx-queretaro-1.aaaaaaaahfwkhyvneuzstfp7i5es3n6nnxob4icbxs2vqtgcgxuqnv4slxza",
                "source_name": "Oracle-Linux-8.10-2024.11.30-0-OKE-1.29.1-754",
                "source_type": "IMAGE"
              },
              {
                "image_id": "ocid1.image.oc1.mx-queretaro-1.aaaaaaaa46xfz6d7xu4s2b7qpntz6baxblra7kqcyw5lddhmlnk2pazrsyxq",
                "source_name": "Oracle-Linux-8.10-2024.09.30-0-OKE-1.31.1-748",
                "source_type": "IMAGE"
              },
              {
                "image_id": "ocid1.image.oc1.mx-queretaro-1.aaaaaaaanvem4ulpzjpriwoungra4bajfv3jkqsdcgkmbwt3huyqshpnw2jq",
                "source_name": "Oracle-Linux-8.10-2024.09.30-0-OKE-1.30.1-747",
                "source_type": "IMAGE"
              },
              {
                "image_id": "ocid1.image.oc1.mx-queretaro-1.aaaaaaaatq432s5mylboqggsuabw2kdxtw2irwapt7xvdz7hh6akedm3f6aq",
                "source_name": "Oracle-Linux-8.10-2024.09.30-0-OKE-1.29.1-747",
                "source_type": "IMAGE"
              },
              {
                "image_id": "ocid1.image.oc1.mx-queretaro-1.aaaaaaaacx6l5cpzaeqe4iw2s3a5m6pzxv5ytikrcnb4trg5ipc7wfeto26a",
                "source_name": "Oracle-Linux-8.10-2024.07.31-0-OKE-1.29.1-720",
                "source_type": "IMAGE"
              },
              {
                "image_id": "ocid1.image.oc1.mx-queretaro-1.aaaaaaaazcfnp5ttszy7frz7gsnqs4bkwgsihwdrni5t7coyxgserxd573ha",
                "source_name": "Oracle-Linux-7.9-aarch64-2024.11.30-0-OKE-1.32.1-760",
                "source_type": "IMAGE"
              },
              {
                "image_id": "ocid1.image.oc1.mx-queretaro-1.aaaaaaaaqh2rf4uoducwp73omcxvmrbrx5ckfgzgqi7uaxfpg4yh5qh3yqyq",
                "source_name": "Oracle-Linux-7.9-aarch64-2024.11.30-0-OKE-1.32.1-758",
                "source_type": "IMAGE"
              },
              {
                "image_id": "ocid1.image.oc1.mx-queretaro-1.aaaaaaaayzkiofhulc35akt36jbyg5ykv65f43aoxsvtri4476pnkwedg66a",
                "source_name": "Oracle-Linux-7.9-aarch64-2024.11.30-0-OKE-1.31.1-760",
                "source_type": "IMAGE"
              },
              {
                "image_id": "ocid1.image.oc1.mx-queretaro-1.aaaaaaaaczeqxjzrqq4ywrzrqumultwqefqwegp5crnvgqlhflcjv4xu2epq",
                "source_name": "Oracle-Linux-7.9-aarch64-2024.11.30-0-OKE-1.31.1-754",
                "source_type": "IMAGE"
              },
              {
                "image_id": "ocid1.image.oc1.mx-queretaro-1.aaaaaaaach5csifdeieoah5kpnmcycmx2rdur6w53brkk3lmfspfjpbukqla",
                "source_name": "Oracle-Linux-7.9-aarch64-2024.11.30-0-OKE-1.30.1-760",
                "source_type": "IMAGE"
              },
              {
                "image_id": "ocid1.image.oc1.mx-queretaro-1.aaaaaaaadzyw4ldl3g5cnepdtl5q5yixydjr4tfuxku4woqq2gxdzviact6q",
                "source_name": "Oracle-Linux-7.9-aarch64-2024.11.30-0-OKE-1.30.1-754",
                "source_type": "IMAGE"
              },
              {
                "image_id": "ocid1.image.oc1.mx-queretaro-1.aaaaaaaaa3uxxgzxonrx3khxagje7aujs55zr6joesfs2bjtn3awhms46zbq",
                "source_name": "Oracle-Linux-7.9-aarch64-2024.11.30-0-OKE-1.29.10-760",
                "source_type": "IMAGE"
              },
              {
                "image_id": "ocid1.image.oc1.mx-queretaro-1.aaaaaaaa2vcq2rp7u2g2g3g43mjtuhgfw3pe2vhktffzjzofpuot7skiwqda",
                "source_name": "Oracle-Linux-7.9-aarch64-2024.11.30-0-OKE-1.29.10-754",
                "source_type": "IMAGE"
              },
              {
                "image_id": "ocid1.image.oc1.mx-queretaro-1.aaaaaaaa3olvpmucbe5bwuwdejkv7ixfcyvzqnwjancn5j6b4zu4uqrnhjya",
                "source_name": "Oracle-Linux-7.9-aarch64-2024.11.30-0-OKE-1.29.1-754",
                "source_type": "IMAGE"
              },
              {
                "image_id": "ocid1.image.oc1.mx-queretaro-1.aaaaaaaa75mpbx5mwffhajwlwccmk3gns2urixlq7nxwfuona5algkm4rcga",
                "source_name": "Oracle-Linux-7.9-aarch64-2024.09.30-0-OKE-1.31.1-748",
                "source_type": "IMAGE"
              },
              {
                "image_id": "ocid1.image.oc1.mx-queretaro-1.aaaaaaaajjuo2r5cztfcilwypeuaccfaolx3or7t7zkjsaceto7yoi6vovja",
                "source_name": "Oracle-Linux-7.9-aarch64-2024.09.30-0-OKE-1.30.1-747",
                "source_type": "IMAGE"
              },
              {
                "image_id": "ocid1.image.oc1.mx-queretaro-1.aaaaaaaaqbhqop65iduyxbwbxwcgsf5cgj4nxse55ifundm7esz7t4itnw5a",
                "source_name": "Oracle-Linux-7.9-aarch64-2024.09.30-0-OKE-1.29.1-747",
                "source_type": "IMAGE"
              },
              {
                "image_id": "ocid1.image.oc1.mx-queretaro-1.aaaaaaaa2g2iqbskrlkoxh6l64z2yadpcyp22px5yi5m3kijov2ezikjribq",
                "source_name": "Oracle-Linux-7.9-aarch64-2024.07.31-0-OKE-1.29.1-720",
                "source_type": "IMAGE"
              },
              {
                "image_id": "ocid1.image.oc1.mx-queretaro-1.aaaaaaaaclqca3gneg5esio4nyfujtvzurgmtqtd2qjmksh6ym6wzfncbvka",
                "source_name": "Oracle-Linux-7.9-Gen2-GPU-2025.01.31-0-OKE-1.32.1-760",
                "source_type": "IMAGE"
              },
              {
                "image_id": "ocid1.image.oc1.mx-queretaro-1.aaaaaaaa5tbmfw2gifk2wmqvex4z4t4ooh7qnut7zbwaexep3sbb36asfchq",
                "source_name": "Oracle-Linux-7.9-Gen2-GPU-2025.01.31-0-OKE-1.32.1-758",
                "source_type": "IMAGE"
              },
              {
                "image_id": "ocid1.image.oc1.mx-queretaro-1.aaaaaaaasvqxrvcr63zqloq3g7n57zkolqytmgw4eflq574vggp3h7c2hkma",
                "source_name": "Oracle-Linux-7.9-Gen2-GPU-2025.01.31-0-OKE-1.31.1-760",
                "source_type": "IMAGE"
              },
              {
                "image_id": "ocid1.image.oc1.mx-queretaro-1.aaaaaaaamhsm53suelufehicvparetfspbfj4g4khhmpsgxlkrblzb36ocnq",
                "source_name": "Oracle-Linux-7.9-Gen2-GPU-2025.01.31-0-OKE-1.30.1-760",
                "source_type": "IMAGE"
              },
              {
                "image_id": "ocid1.image.oc1.mx-queretaro-1.aaaaaaaaysytg3yhhsfscormnjj66isaxjdfngmuwcq45fcs53wbyk6q7ewq",
                "source_name": "Oracle-Linux-7.9-Gen2-GPU-2025.01.31-0-OKE-1.29.10-760",
                "source_type": "IMAGE"
              },
              {
                "image_id": "ocid1.image.oc1.mx-queretaro-1.aaaaaaaajcycsqafbrojjwl4jcnpx3nlroox6rzqjsofos7hhyioblg2ytlq",
                "source_name": "Oracle-Linux-7.9-Gen2-GPU-2024.11.30-0-OKE-1.31.1-754",
                "source_type": "IMAGE"
              },
              {
                "image_id": "ocid1.image.oc1.mx-queretaro-1.aaaaaaaai4nmh3elgncd5lplltovk4bzfmwrt6y6samxkfr32xnecjemzzcq",
                "source_name": "Oracle-Linux-7.9-Gen2-GPU-2024.11.30-0-OKE-1.30.1-754",
                "source_type": "IMAGE"
              },
              {
                "image_id": "ocid1.image.oc1.mx-queretaro-1.aaaaaaaanmuesmyeg5uoshvzacquuavkegrnqtaga5je7ebwelyvvjps4ipq",
                "source_name": "Oracle-Linux-7.9-Gen2-GPU-2024.11.30-0-OKE-1.29.10-754",
                "source_type": "IMAGE"
              },
              {
                "image_id": "ocid1.image.oc1.mx-queretaro-1.aaaaaaaayh2i3yfsz5cyilitjcmigiudvenjhz4qhwmkhjz3ycdg53lmleiq",
                "source_name": "Oracle-Linux-7.9-Gen2-GPU-2024.11.30-0-OKE-1.29.1-754",
                "source_type": "IMAGE"
              },
              {
                "image_id": "ocid1.image.oc1.mx-queretaro-1.aaaaaaaaud7mgy7rjaecc62elqjlxtlfdyfo6sxnbwt4ff7hmo4j4dyt7buq",
                "source_name": "Oracle-Linux-7.9-Gen2-GPU-2024.09.30-0-OKE-1.31.1-748",
                "source_type": "IMAGE"
              },
              {
                "image_id": "ocid1.image.oc1.mx-queretaro-1.aaaaaaaao7kybmjkqsu52xmygnxias4kpxmlgzqkzlxu7tawnyj4ncpz4tka",
                "source_name": "Oracle-Linux-7.9-Gen2-GPU-2024.09.30-0-OKE-1.30.1-747",
                "source_type": "IMAGE"
              },
              {
                "image_id": "ocid1.image.oc1.mx-queretaro-1.aaaaaaaa42bjt4sapeafhbkio3ay3xt5sjrrzyqbo55fkdugoqt52eyeugsa",
                "source_name": "Oracle-Linux-7.9-Gen2-GPU-2024.09.30-0-OKE-1.29.1-747",
                "source_type": "IMAGE"
              },
              {
                "image_id": "ocid1.image.oc1.mx-queretaro-1.aaaaaaaaefuff4gpnqy6skc2uaibj676y2xnc64pxdplw65ddnakr4udqsja",
                "source_name": "Oracle-Linux-7.9-Gen2-GPU-2024.07.31-0-OKE-1.29.1-720",
                "source_type": "IMAGE"
              },
              {
                "image_id": "ocid1.image.oc1.mx-queretaro-1.aaaaaaaal35jhq5tpggsopt5fhnff7ss4e2mycd5kk5qbrnz2lmuht5riuxq",
                "source_name": "Oracle-Linux-7.9-2025.01.31-0-OKE-1.32.1-760",
                "source_type": "IMAGE"
              },
              {
                "image_id": "ocid1.image.oc1.mx-queretaro-1.aaaaaaaazlt4rusy7gxctoicuwoya2lzsvo2ughlqml3c3tocvzawfahmkaq",
                "source_name": "Oracle-Linux-7.9-2025.01.31-0-OKE-1.32.1-758",
                "source_type": "IMAGE"
              },
              {
                "image_id": "ocid1.image.oc1.mx-queretaro-1.aaaaaaaalsv2upahhnonasjiicedvggllog5vzicoahkudwkqtwnbnzfsyra",
                "source_name": "Oracle-Linux-7.9-2025.01.31-0-OKE-1.31.1-760",
                "source_type": "IMAGE"
              },
              {
                "image_id": "ocid1.image.oc1.mx-queretaro-1.aaaaaaaab3oketue74ct4uq2mhk5b2ciknfkhpykz2dkwmp7yr6up5jwfbbq",
                "source_name": "Oracle-Linux-7.9-2025.01.31-0-OKE-1.30.1-760",
                "source_type": "IMAGE"
              },
              {
                "image_id": "ocid1.image.oc1.mx-queretaro-1.aaaaaaaalxajhauwfbqtcgd5xhnndmncc5q4pnlzgnlm2sbriuj6w4rkjdyq",
                "source_name": "Oracle-Linux-7.9-2025.01.31-0-OKE-1.29.10-760",
                "source_type": "IMAGE"
              },
              {
                "image_id": "ocid1.image.oc1.mx-queretaro-1.aaaaaaaa35cb5tyvci5xo6ou3k6msl2bg3ypapl4bnfwz2am5o46d7prnc6a",
                "source_name": "Oracle-Linux-7.9-2024.11.30-0-OKE-1.31.1-754",
                "source_type": "IMAGE"
              },
              {
                "image_id": "ocid1.image.oc1.mx-queretaro-1.aaaaaaaar46q2vrbmwtcsf6orsnxpshy6dduyhqxpdrqfdrhxcgraee53ckq",
                "source_name": "Oracle-Linux-7.9-2024.11.30-0-OKE-1.30.1-754",
                "source_type": "IMAGE"
              },
              {
                "image_id": "ocid1.image.oc1.mx-queretaro-1.aaaaaaaaafmnhw3wcsjmlcdrjdw4yge3d7xrlf6h3h3qs4twntylcxvib6gq",
                "source_name": "Oracle-Linux-7.9-2024.11.30-0-OKE-1.29.10-754",
                "source_type": "IMAGE"
              },
              {
                "image_id": "ocid1.image.oc1.mx-queretaro-1.aaaaaaaaecliygpz6loho2ca3yv3iyqcjcovswraeng5ntjbulkwi5szgh4q",
                "source_name": "Oracle-Linux-7.9-2024.11.30-0-OKE-1.29.1-754",
                "source_type": "IMAGE"
              },
              {
                "image_id": "ocid1.image.oc1.mx-queretaro-1.aaaaaaaabnbpag52ebaqxnugjsbf6hzn64s6j3ff567v7vyp6u45wpj65h7q",
                "source_name": "Oracle-Linux-7.9-2024.09.30-0-OKE-1.31.1-748",
                "source_type": "IMAGE"
              },
              {
                "image_id": "ocid1.image.oc1.mx-queretaro-1.aaaaaaaawieqbsiufseluafihwl26hr4ouhug75hrvdxd6d5f4tr4l36p76q",
                "source_name": "Oracle-Linux-7.9-2024.09.30-0-OKE-1.30.1-747",
                "source_type": "IMAGE"
              },
              {
                "image_id": "ocid1.image.oc1.mx-queretaro-1.aaaaaaaanfvw4h4vwgnyhen7p7dnaqhd7i3e7gqbwgxz35cuim3uysexgdla",
                "source_name": "Oracle-Linux-7.9-2024.09.30-0-OKE-1.29.1-747",
                "source_type": "IMAGE"
              },
              {
                "image_id": "ocid1.image.oc1.mx-queretaro-1.aaaaaaaagqjpu55kge3ntcjlkykx4bmetc2xln56o3jcn253p7pjflttrxpq",
                "source_name": "Oracle-Linux-7.9-2024.07.31-0-OKE-1.29.1-720",
                "source_type": "IMAGE"
              },
              {
                "image_id": "ocid1.image.oc1.mx-queretaro-1.aaaaaaaaroepcttzrl4ojg24rz4mku2tg4vwr63h3whxrbgd3y2ojy7wrq5a",
                "source_name": "Oracle-Linux-8.10-aarch64-2025.03.18-0",
                "source_type": "IMAGE"
              },
              {
                "image_id": "ocid1.image.oc1.mx-queretaro-1.aaaaaaaaugxmcvayl6fug7bxhdfjswn5shgbjb6y7eazisxqqi3ydoka42wq",
                "source_name": "Oracle-Linux-8.10-aarch64-2025.02.28-0",
                "source_type": "IMAGE"
              },
              {
                "image_id": "ocid1.image.oc1.mx-queretaro-1.aaaaaaaa6z5b2nyzz6mzga5bk2dmhjqalqcqlb5x6qbqvsfg4qm6l62xtila",
                "source_name": "Oracle-Linux-8.10-aarch64-2025.01.31-0",
                "source_type": "IMAGE"
              },
              {
                "image_id": "ocid1.image.oc1.mx-queretaro-1.aaaaaaaadwp5mztl5ckdl2lnba7axpr2ws42qljpzrexlennplk5c25sdnoq",
                "source_name": "Oracle-Linux-8.10-Gen2-GPU-2025.03.18-0",
                "source_type": "IMAGE"
              },
              {
                "image_id": "ocid1.image.oc1.mx-queretaro-1.aaaaaaaafuqaptcnpj635h4cyop2oj362dbskfkcanwhb66bdeo7vrfbxdja",
                "source_name": "Oracle-Linux-8.10-Gen2-GPU-2025.02.28-0",
                "source_type": "IMAGE"
              },
              {
                "image_id": "ocid1.image.oc1.mx-queretaro-1.aaaaaaaakcz67bswjyp32nqzwwbc26xdq2djpudjioqwjhsfw43hwq2llclq",
                "source_name": "Oracle-Linux-8.10-Gen2-GPU-2025.01.31-0",
                "source_type": "IMAGE"
              },
              {
                "image_id": "ocid1.image.oc1.mx-queretaro-1.aaaaaaaao5yj76wqdbiodhiio63f7oynpgdsgrfqqoqmxy227upeamwvw6ha",
                "source_name": "Oracle-Linux-8.10-Gen2-AMD-GPU-2024.08.31-0",
                "source_type": "IMAGE"
              },
              {
                "image_id": "ocid1.image.oc1.mx-queretaro-1.aaaaaaaa62cxw2uceewtol7p2lzkkkw36jdo47fbzopnaozdkmdqy7cuncbq",
                "source_name": "Oracle-Linux-8.10-2025.03.18-0",
                "source_type": "IMAGE"
              },
              {
                "image_id": "ocid1.image.oc1.mx-queretaro-1.aaaaaaaaoszfemteffgwwvh2jcfugvoog655h5aiwn6h2dqbfzuaboqknp2a",
                "source_name": "Oracle-Linux-8.10-2025.02.28-0",
                "source_type": "IMAGE"
              },
              {
                "image_id": "ocid1.image.oc1.mx-queretaro-1.aaaaaaaawlpwcoonbsc54xcduzhknvkf3ofnmh7ydkn7j4te4rwopreqly5a",
                "source_name": "Oracle-Linux-8.10-2025.01.31-0",
                "source_type": "IMAGE"
              },
              {
                "image_id": "ocid1.image.oc1.mx-queretaro-1.aaaaaaaaz7xr6cbss3bfasxvmrg2kxtlubyc7au4zc4yycjdr5pgxrvdtqrq",
                "source_name": "Oracle-Linux-7.9-aarch64-2024.11.30-0",
                "source_type": "IMAGE"
              },
              {
                "image_id": "ocid1.image.oc1.mx-queretaro-1.aaaaaaaa2iwcgoycjcybes5p5newx2kei76um6v3sxjqk6bgisto22e4nd2a",
                "source_name": "Oracle-Linux-7.9-aarch64-2024.10.31-0",
                "source_type": "IMAGE"
              },
              {
                "image_id": "ocid1.image.oc1.mx-queretaro-1.aaaaaaaaqccalmvuwdxfttw5znds5i7pf3erjxv5wdks4cm4ob5sm6zm6eua",
                "source_name": "Oracle-Linux-7.9-aarch64-2024.09.30-0",
                "source_type": "IMAGE"
              },
              {
                "image_id": "ocid1.image.oc1.mx-queretaro-1.aaaaaaaaa3kxwzhkqgurxkfloyjovr4fld5xwyw2q4c7cvn3ixdrhi7fkx2a",
                "source_name": "Oracle-Linux-7.9-Gen2-GPU-2025.01.31-0",
                "source_type": "IMAGE"
              },
              {
                "image_id": "ocid1.image.oc1.mx-queretaro-1.aaaaaaaag37lgkntc5gqcbn75z3hmchemmdw5d2pvrmggdlrijrtpe7jd5yq",
                "source_name": "Oracle-Linux-7.9-Gen2-GPU-2024.11.30-0",
                "source_type": "IMAGE"
              },
              {
                "image_id": "ocid1.image.oc1.mx-queretaro-1.aaaaaaaalsol6tir4myfe5hcbaoprsh2vy25xyxb3zk3sm7ri66a3rbxuezq",
                "source_name": "Oracle-Linux-7.9-Gen2-GPU-2024.10.31-0",
                "source_type": "IMAGE"
              },
              {
                "image_id": "ocid1.image.oc1.mx-queretaro-1.aaaaaaaalrf6t3gniugo43vpng35fc7hxnsrcebdxzsqtngjsrxj6fpvctuq",
                "source_name": "Oracle-Linux-7.9-2025.01.31-0",
                "source_type": "IMAGE"
              },
              {
                "image_id": "ocid1.image.oc1.mx-queretaro-1.aaaaaaaaqykiekivumz5rfn2b3gt2vtsqtmgu27rxsskkmkmbjqdje7zdgja",
                "source_name": "Oracle-Linux-7.9-2024.11.30-0",
                "source_type": "IMAGE"
              },
              {
                "image_id": "ocid1.image.oc1.mx-queretaro-1.aaaaaaaa7bbpnkezy53lx7myhmabw5j2krzoejls6jddt7e4wfle7hkkbgma",
                "source_name": "Oracle-Linux-7.9-2024.10.31-0",
                "source_type": "IMAGE"
              }
            ]
          },
          "sensitive_attributes": []
        }
      ]
    },
    {
      "mode": "data",
      "type": "oci_core_services",
      "name": "services",
      "provider": "provider[\"registry.terraform.io/hashicorp/oci\"]",
      "instances": [
        {
          "schema_version": 0,
          "attributes": {
            "filter": [
              {
                "name": "name",
                "regex": true,
                "values": [
                  "All .* Services In Oracle Services Network"
                ]
              }
            ],
            "id": "CoreServicesDataSource-0",
            "services": [
              {
                "cidr_block": "all-qro-services-in-oracle-services-network",
                "description": "All QRO Services In Oracle Services Network",
                "id": "ocid1.service.oc1.mx-queretaro-1.aaaaaaaayvg3nrjmjfutkwgtod4g36arka7blin2p3e4fhc5ryv5ciqf7vaq",
                "name": "All QRO Services In Oracle Services Network"
              }
            ]
          },
          "sensitive_attributes": []
        }
      ]
    },
    {
      "mode": "data",
      "type": "oci_database_autonomous_databases",
      "name": "autonomous_databases_atp",
      "provider": "provider[\"registry.terraform.io/hashicorp/oci\"]",
      "instances": [
        {
          "schema_version": 0,
          "attributes": {
            "autonomous_container_database_id": null,
            "autonomous_databases": [],
            "compartment_id": "ocid1.compartment.oc1..aaaaaaaaw6jjk4gi35ylu2lup3rwvfx5dqmvstwtt7wv3vc5xeu7vmsdb3kq",
            "db_version": null,
            "db_workload": "OLTP",
            "display_name": "MTDRDB",
            "filter": null,
            "id": "DatabaseAutonomousDatabasesDataSource-623928689",
            "infrastructure_type": null,
            "is_data_guard_enabled": null,
            "is_free_tier": null,
            "is_refreshable_clone": null,
            "state": null
          },
          "sensitive_attributes": []
        }
      ]
    },
    {
      "mode": "data",
      "type": "oci_identity_availability_domain",
      "name": "ad1",
      "provider": "provider[\"registry.terraform.io/hashicorp/oci\"]",
      "instances": [
        {
          "schema_version": 0,
          "attributes": {
            "ad_number": 1,
            "compartment_id": "ocid1.tenancy.oc1..aaaaaaaaalxrfdkhvbi7q5364qhfuipxfuvp3yb2nkkal7lajrrl5r6tfe3a",
            "id": "ocid1.availabilitydomain.oc1..aaaaaaaahpm2sutjrjc3rr22nwe5lo6rtf24rqzd5wog6oql5xmkrdy2avda",
            "name": "cshJ:MX-QUERETARO-1-AD-1"
          },
          "sensitive_attributes": []
        }
      ]
    },
    {
      "mode": "data",
      "type": "oci_objectstorage_namespace",
      "name": "namespace",
      "provider": "provider[\"registry.terraform.io/hashicorp/oci\"]",
      "instances": [
        {
          "schema_version": 0,
          "attributes": {
            "compartment_id": "ocid1.compartment.oc1..aaaaaaaaw6jjk4gi35ylu2lup3rwvfx5dqmvstwtt7wv3vc5xeu7vmsdb3kq",
            "id": "ObjectStorageNamespaceDataSource-515932487",
            "namespace": "axcez6ydclsd"
          },
          "sensitive_attributes": []
        }
      ]
    },
    {
      "mode": "data",
      "type": "oci_objectstorage_namespace",
      "name": "test_namespace",
      "provider": "provider[\"registry.terraform.io/hashicorp/oci\"]",
      "instances": [
        {
          "schema_version": 0,
          "attributes": {
            "compartment_id": "ocid1.compartment.oc1..aaaaaaaaw6jjk4gi35ylu2lup3rwvfx5dqmvstwtt7wv3vc5xeu7vmsdb3kq",
            "id": "ObjectStorageNamespaceDataSource-515932487",
            "namespace": "axcez6ydclsd"
          },
          "sensitive_attributes": []
        }
      ]
    },
    {
      "mode": "managed",
      "type": "oci_artifacts_container_repository",
      "name": "todolist",
      "provider": "provider[\"registry.terraform.io/hashicorp/oci\"]",
      "instances": [
        {
          "schema_version": 0,
          "attributes": {
            "billable_size_in_gbs": "0",
            "compartment_id": "ocid1.compartment.oc1..aaaaaaaaw6jjk4gi35ylu2lup3rwvfx5dqmvstwtt7wv3vc5xeu7vmsdb3kq",
            "created_by": "ocid1.user.oc1..aaaaaaaas7n63mteblaigpjpcriodezwaunkyrqa2fn6z7fuvq5frikdxmia",
            "display_name": "reacttodo/hviyu/todolistapp-springboot",
            "id": "ocid1.containerrepo.oc1.mx-queretaro-1.0.axcez6ydclsd.aaaaaaaajk7t775eqrzaqvyu2wrv2rohdhd5rqlaiwkrewtsq3kmjxkue46a",
            "image_count": 0,
            "is_immutable": false,
            "is_public": true,
            "layer_count": 0,
            "layers_size_in_bytes": "0",
            "readme": [],
            "state": "AVAILABLE",
            "time_created": "2025-04-04 05:01:30.905 +0000 UTC",
            "time_last_pushed": null,
            "timeouts": null
          },
          "sensitive_attributes": [],
          "private": "eyJlMmJmYjczMC1lY2FhLTExZTYtOGY4OC0zNDM2M2JjN2M0YzAiOnsiY3JlYXRlIjoxMjAwMDAwMDAwMDAwLCJkZWxldGUiOjEyMDAwMDAwMDAwMDAsInVwZGF0ZSI6MTIwMDAwMDAwMDAwMH19"
        }
      ]
    },
    {
      "mode": "managed",
      "type": "oci_containerengine_cluster",
      "name": "mtdrworkshop_cluster",
      "provider": "provider[\"registry.terraform.io/hashicorp/oci\"]",
      "instances": [
        {
          "schema_version": 0,
          "attributes": {
            "available_kubernetes_upgrades": [
              "v1.31.1"
            ],
            "compartment_id": "ocid1.compartment.oc1..aaaaaaaaw6jjk4gi35ylu2lup3rwvfx5dqmvstwtt7wv3vc5xeu7vmsdb3kq",
            "endpoint_config": [
              {
                "is_public_ip_enabled": true,
                "nsg_ids": null,
                "subnet_id": "ocid1.subnet.oc1.mx-queretaro-1.aaaaaaaakmswmqu7kdmfmjoopsan7xgtxbcs62bymmtyzm2qxzanrwvfo6gq"
              }
            ],
            "endpoints": [
              {
                "kubernetes": "",
                "private_endpoint": "10.0.0.13:6443",
                "public_endpoint": "159.54.128.241:6443"
              }
            ],
            "id": "ocid1.cluster.oc1.mx-queretaro-1.aaaaaaaaopclvuu2h7f2ogfo6pp5et7wolzovq6aet5ecxkqkcfdunizwrdq",
            "image_policy_config": [
              {
                "is_policy_enabled": false,
                "key_details": []
              }
            ],
            "kms_key_id": null,
            "kubernetes_version": "v1.30.1",
            "lifecycle_details": null,
            "metadata": [
              {
                "created_by_user_id": "ocid1.user.oc1..aaaaaaaas7n63mteblaigpjpcriodezwaunkyrqa2fn6z7fuvq5frikdxmia",
                "created_by_work_request_id": "ocid1.clustersworkrequest.oc1.mx-queretaro-1.aaaaaaaak5l5u6omgbmaeua3jdkwpsgxjh3uig5zcmvytzcbswdbpteg6mpq",
                "deleted_by_user_id": "",
                "deleted_by_work_request_id": "",
                "time_created": "2025-04-04 05:01:36 +0000 UTC",
                "time_deleted": "",
                "time_updated": "",
                "updated_by_user_id": "",
                "updated_by_work_request_id": ""
              }
            ],
            "name": "mtdrworkshopcluster-hviyu",
            "options": [
              {
                "add_ons": [
                  {
                    "is_kubernetes_dashboard_enabled": false,
                    "is_tiller_enabled": false
                  }
                ],
                "admission_controller_options": [
                  {
                    "is_pod_security_policy_enabled": false
                  }
                ],
                "kubernetes_network_config": [
                  {
                    "pods_cidr": "10.244.0.0/16",
                    "services_cidr": "10.96.0.0/16"
                  }
                ],
                "service_lb_subnet_ids": [
                  "ocid1.subnet.oc1.mx-queretaro-1.aaaaaaaajw7ng52h7yfu3fqkqluwlhb3bk6wnqzk3ipsdt62ifx2agm374eq"
                ]
              }
            ],
            "state": "ACTIVE",
            "timeouts": null,
            "vcn_id": "ocid1.vcn.oc1.mx-queretaro-1.amaaaaaatjjajiiay7vkxrrpeegrkhjj2vae5snvo2ll6ke4gofqfep4kwya"
          },
          "sensitive_attributes": [],
          "private": "eyJlMmJmYjczMC1lY2FhLTExZTYtOGY4OC0zNDM2M2JjN2M0YzAiOnsiY3JlYXRlIjozNjAwMDAwMDAwMDAwLCJkZWxldGUiOjM2MDAwMDAwMDAwMDAsInVwZGF0ZSI6MzYwMDAwMDAwMDAwMH19",
          "dependencies": [
            "data.oci_core_services.services",
            "oci_core_security_list.endpoint",
            "oci_core_security_list.svclb_sl",
            "oci_core_subnet.endpoint",
            "oci_core_subnet.svclb_Subnet",
            "oci_core_vcn.okevcn"
          ]
        }
      ]
    },
    {
      "mode": "managed",
      "type": "oci_containerengine_node_pool",
      "name": "oke_node_pool",
      "provider": "provider[\"registry.terraform.io/hashicorp/oci\"]",
      "instances": [
        {
          "schema_version": 0,
          "attributes": {
            "cluster_id": "ocid1.cluster.oc1.mx-queretaro-1.aaaaaaaaopclvuu2h7f2ogfo6pp5et7wolzovq6aet5ecxkqkcfdunizwrdq",
            "compartment_id": "ocid1.compartment.oc1..aaaaaaaaw6jjk4gi35ylu2lup3rwvfx5dqmvstwtt7wv3vc5xeu7vmsdb3kq",
            "id": "ocid1.nodepool.oc1.mx-queretaro-1.aaaaaaaabfl4uhelqwobsq24xvkbccgbxmj5kj6rapf346azxnbefumerxxa",
            "initial_node_labels": [],
            "kubernetes_version": "v1.30.1",
            "name": "Pool",
            "node_config_details": [
              {
                "nsg_ids": [],
                "placement_configs": [
                  {
                    "availability_domain": "cshJ:MX-QUERETARO-1-AD-1",
                    "subnet_id": "ocid1.subnet.oc1.mx-queretaro-1.aaaaaaaaq5r4b2gwwykfwxbpgkc7jcchocfboi7hoisyuseuzuau2dajqvqa"
                  }
                ],
                "size": 3
              }
            ],
            "node_image_id": "ocid1.image.oc1.mx-queretaro-1.aaaaaaaavo3x5nho6gfzwxhlvspsp4tvvydol2odiwtccxikxjejl6t4yfwq",
            "node_image_name": "Oracle-Linux-8.10-2025.02.28-0-OKE-1.30.1-760",
            "node_metadata": {},
            "node_shape": "VM.Standard.E3.Flex",
            "node_shape_config": [
              {
                "memory_in_gbs": 6,
                "ocpus": 2
              }
            ],
            "node_source": [
              {
                "image_id": "ocid1.image.oc1.mx-queretaro-1.aaaaaaaavo3x5nho6gfzwxhlvspsp4tvvydol2odiwtccxikxjejl6t4yfwq",
                "source_name": "Oracle-Linux-8.10-2025.02.28-0-OKE-1.30.1-760",
                "source_type": "IMAGE"
              }
            ],
            "node_source_details": [
              {
                "boot_volume_size_in_gbs": "",
                "image_id": "ocid1.image.oc1.mx-queretaro-1.aaaaaaaavo3x5nho6gfzwxhlvspsp4tvvydol2odiwtccxikxjejl6t4yfwq",
                "source_type": "IMAGE"
              }
            ],
            "nodes": [
              {
                "availability_domain": "cshJ:MX-QUERETARO-1-AD-1",
                "error": [],
                "fault_domain": "FAULT-DOMAIN-1",
                "id": "ocid1.instance.oc1.mx-queretaro-1.anyxeljrtjjajiicyj36g5l62qbabfn2zht3r2frzg4idwv53x6hf3vxuesa",
                "kubernetes_version": "v1.30.1",
                "lifecycle_details": "",
                "name": "oke-cfdunizwrdq-nbefumerxxa-sau2dajqvqa-0",
                "node_pool_id": "ocid1.nodepool.oc1.mx-queretaro-1.aaaaaaaabfl4uhelqwobsq24xvkbccgbxmj5kj6rapf346azxnbefumerxxa",
                "private_ip": "10.0.10.33",
                "public_ip": "",
                "state": "ACTIVE",
                "subnet_id": "ocid1.subnet.oc1.mx-queretaro-1.aaaaaaaaq5r4b2gwwykfwxbpgkc7jcchocfboi7hoisyuseuzuau2dajqvqa"
              },
              {
                "availability_domain": "cshJ:MX-QUERETARO-1-AD-1",
                "error": [],
                "fault_domain": "FAULT-DOMAIN-2",
                "id": "ocid1.instance.oc1.mx-queretaro-1.anyxeljrtjjajiicn4sl4wwqwd7r63666rclyqjgoxi3zjuujl2n6wgbnneq",
                "kubernetes_version": "v1.30.1",
                "lifecycle_details": "",
                "name": "oke-cfdunizwrdq-nbefumerxxa-sau2dajqvqa-1",
                "node_pool_id": "ocid1.nodepool.oc1.mx-queretaro-1.aaaaaaaabfl4uhelqwobsq24xvkbccgbxmj5kj6rapf346azxnbefumerxxa",
                "private_ip": "10.0.10.120",
                "public_ip": "",
                "state": "ACTIVE",
                "subnet_id": "ocid1.subnet.oc1.mx-queretaro-1.aaaaaaaaq5r4b2gwwykfwxbpgkc7jcchocfboi7hoisyuseuzuau2dajqvqa"
              },
              {
                "availability_domain": "cshJ:MX-QUERETARO-1-AD-1",
                "error": [],
                "fault_domain": "FAULT-DOMAIN-3",
                "id": "ocid1.instance.oc1.mx-queretaro-1.anyxeljrtjjajiicsebfscypecgmp5fbvw2msklffmi7w25emkme3xnp7pna",
                "kubernetes_version": "v1.30.1",
                "lifecycle_details": "",
                "name": "oke-cfdunizwrdq-nbefumerxxa-sau2dajqvqa-2",
                "node_pool_id": "ocid1.nodepool.oc1.mx-queretaro-1.aaaaaaaabfl4uhelqwobsq24xvkbccgbxmj5kj6rapf346azxnbefumerxxa",
                "private_ip": "10.0.10.12",
                "public_ip": "",
                "state": "ACTIVE",
                "subnet_id": "ocid1.subnet.oc1.mx-queretaro-1.aaaaaaaaq5r4b2gwwykfwxbpgkc7jcchocfboi7hoisyuseuzuau2dajqvqa"
              }
            ],
            "quantity_per_subnet": 0,
            "ssh_public_key": null,
            "subnet_ids": [
              "ocid1.subnet.oc1.mx-queretaro-1.aaaaaaaaq5r4b2gwwykfwxbpgkc7jcchocfboi7hoisyuseuzuau2dajqvqa"
            ],
            "timeouts": null
          },
          "sensitive_attributes": [],
          "private": "eyJlMmJmYjczMC1lY2FhLTExZTYtOGY4OC0zNDM2M2JjN2M0YzAiOnsiY3JlYXRlIjoxMjAwMDAwMDAwMDAwLCJkZWxldGUiOjEyMDAwMDAwMDAwMDAsInVwZGF0ZSI6MTIwMDAwMDAwMDAwMH19",
          "dependencies": [
            "data.oci_containerengine_node_pool_option.mtdrworkshop_node_pool_option",
            "data.oci_core_services.services",
            "data.oci_identity_availability_domain.ad1",
            "oci_containerengine_cluster.mtdrworkshop_cluster",
            "oci_core_nat_gateway.ngw",
            "oci_core_route_table.private",
            "oci_core_security_list.endpoint",
            "oci_core_security_list.nodePool",
            "oci_core_security_list.svclb_sl",
            "oci_core_service_gateway.sgw",
            "oci_core_subnet.endpoint",
            "oci_core_subnet.nodePool_Subnet",
            "oci_core_subnet.svclb_Subnet",
            "oci_core_vcn.okevcn"
          ]
        }
      ]
    },
    {
      "mode": "managed",
      "type": "oci_core_default_route_table",
      "name": "public",
      "provider": "provider[\"registry.terraform.io/hashicorp/oci\"]",
      "instances": [
        {
          "schema_version": 0,
          "attributes": {
            "compartment_id": "ocid1.compartment.oc1..aaaaaaaaw6jjk4gi35ylu2lup3rwvfx5dqmvstwtt7wv3vc5xeu7vmsdb3kq",
            "defined_tags": {
              "Oracle-Tags.CreatedBy": "default/a01637983@tec.mx",
              "Oracle-Tags.CreatedOn": "2025-04-04T05:01:30.839Z"
            },
            "display_name": "public",
            "freeform_tags": {},
            "id": "ocid1.routetable.oc1.mx-queretaro-1.aaaaaaaaqs2uyms3yhxh5u4ibu3fkqs3abqnyewndrblkiiwzsc37ffrzejq",
            "manage_default_resource_id": "ocid1.routetable.oc1.mx-queretaro-1.aaaaaaaaqs2uyms3yhxh5u4ibu3fkqs3abqnyewndrblkiiwzsc37ffrzejq",
            "route_rules": [
              {
                "cidr_block": "",
                "description": "traffic to/from internet",
                "destination": "0.0.0.0/0",
                "destination_type": "CIDR_BLOCK",
                "network_entity_id": "ocid1.internetgateway.oc1.mx-queretaro-1.aaaaaaaayia2ymkb3qd5sfiovpdadz3zmpgdgp2nmtodkmh25njaryth4n4a"
              }
            ],
            "state": "AVAILABLE",
            "time_created": "2025-04-04 05:01:30.896 +0000 UTC",
            "timeouts": null
          },
          "sensitive_attributes": [],
          "private": "eyJlMmJmYjczMC1lY2FhLTExZTYtOGY4OC0zNDM2M2JjN2M0YzAiOnsiY3JlYXRlIjoxMjAwMDAwMDAwMDAwLCJkZWxldGUiOjEyMDAwMDAwMDAwMDAsInVwZGF0ZSI6MTIwMDAwMDAwMDAwMH19",
          "dependencies": [
            "oci_core_internet_gateway.igw",
            "oci_core_vcn.okevcn"
          ]
        }
      ]
    },
    {
      "mode": "managed",
      "type": "oci_core_internet_gateway",
      "name": "igw",
      "provider": "provider[\"registry.terraform.io/hashicorp/oci\"]",
      "instances": [
        {
          "schema_version": 0,
          "attributes": {
            "compartment_id": "ocid1.compartment.oc1..aaaaaaaaw6jjk4gi35ylu2lup3rwvfx5dqmvstwtt7wv3vc5xeu7vmsdb3kq",
            "defined_tags": {
              "Oracle-Tags.CreatedBy": "default/a01637983@tec.mx",
              "Oracle-Tags.CreatedOn": "2025-04-04T05:01:31.396Z"
            },
            "display_name": "ClusterInternetGateway",
            "enabled": true,
            "freeform_tags": {},
            "id": "ocid1.internetgateway.oc1.mx-queretaro-1.aaaaaaaayia2ymkb3qd5sfiovpdadz3zmpgdgp2nmtodkmh25njaryth4n4a",
            "state": "AVAILABLE",
            "time_created": "2025-04-04 05:01:31.438 +0000 UTC",
            "timeouts": null,
            "vcn_id": "ocid1.vcn.oc1.mx-queretaro-1.amaaaaaatjjajiiay7vkxrrpeegrkhjj2vae5snvo2ll6ke4gofqfep4kwya"
          },
          "sensitive_attributes": [],
          "private": "eyJlMmJmYjczMC1lY2FhLTExZTYtOGY4OC0zNDM2M2JjN2M0YzAiOnsiY3JlYXRlIjoxMjAwMDAwMDAwMDAwLCJkZWxldGUiOjEyMDAwMDAwMDAwMDAsInVwZGF0ZSI6MTIwMDAwMDAwMDAwMH19",
          "dependencies": [
            "oci_core_vcn.okevcn"
          ]
        }
      ]
    },
    {
      "mode": "managed",
      "type": "oci_core_nat_gateway",
      "name": "ngw",
      "provider": "provider[\"registry.terraform.io/hashicorp/oci\"]",
      "instances": [
        {
          "schema_version": 0,
          "attributes": {
            "block_traffic": false,
            "compartment_id": "ocid1.compartment.oc1..aaaaaaaaw6jjk4gi35ylu2lup3rwvfx5dqmvstwtt7wv3vc5xeu7vmsdb3kq",
            "defined_tags": {
              "Oracle-Tags.CreatedBy": "default/a01637983@tec.mx",
              "Oracle-Tags.CreatedOn": "2025-04-04T05:01:31.383Z"
            },
            "display_name": "ngw",
            "freeform_tags": {},
            "id": "ocid1.natgateway.oc1.mx-queretaro-1.aaaaaaaaw6tajgwb5brzrrjdk4opoutjkb3rpk5avw66cehjwzeqqk246ena",
            "nat_ip": "159.54.129.102",
            "public_ip_id": "ocid1.publicip.oc1.mx-queretaro-1.aaaaaaaalwud4ufs2q2dssocagu2t6qqypnrv2kftrl2grcqd2u3dl6d36fq",
            "state": "AVAILABLE",
            "time_created": "2025-04-04 05:01:31.558 +0000 UTC",
            "timeouts": null,
            "vcn_id": "ocid1.vcn.oc1.mx-queretaro-1.amaaaaaatjjajiiay7vkxrrpeegrkhjj2vae5snvo2ll6ke4gofqfep4kwya"
          },
          "sensitive_attributes": [],
          "private": "eyJlMmJmYjczMC1lY2FhLTExZTYtOGY4OC0zNDM2M2JjN2M0YzAiOnsiY3JlYXRlIjoxMjAwMDAwMDAwMDAwLCJkZWxldGUiOjEyMDAwMDAwMDAwMDAsInVwZGF0ZSI6MTIwMDAwMDAwMDAwMH19",
          "dependencies": [
            "oci_core_vcn.okevcn"
          ]
        }
      ]
    },
    {
      "mode": "managed",
      "type": "oci_core_route_table",
      "name": "private",
      "provider": "provider[\"registry.terraform.io/hashicorp/oci\"]",
      "instances": [
        {
          "schema_version": 0,
          "attributes": {
            "compartment_id": "ocid1.compartment.oc1..aaaaaaaaw6jjk4gi35ylu2lup3rwvfx5dqmvstwtt7wv3vc5xeu7vmsdb3kq",
            "defined_tags": {
              "Oracle-Tags.CreatedBy": "default/a01637983@tec.mx",
              "Oracle-Tags.CreatedOn": "2025-04-04T05:01:35.663Z"
            },
            "display_name": "private",
            "freeform_tags": {},
            "id": "ocid1.routetable.oc1.mx-queretaro-1.aaaaaaaafhiooagno3b2mfm4tnfyc3lmvz2zbllfnqv72epxul3thfdrfstq",
            "route_rules": [
              {
                "cidr_block": "",
                "description": "Traffic to OCI Services",
                "destination": "all-qro-services-in-oracle-services-network",
                "destination_type": "SERVICE_CIDR_BLOCK",
                "network_entity_id": "ocid1.servicegateway.oc1.mx-queretaro-1.aaaaaaaaqo2yfsa7yzhx5fhqjuvdmd6qjsxgkobyndqohbedtcztjo34ku7q"
              },
              {
                "cidr_block": "",
                "description": "Traffic to the internet",
                "destination": "0.0.0.0/0",
                "destination_type": "CIDR_BLOCK",
                "network_entity_id": "ocid1.natgateway.oc1.mx-queretaro-1.aaaaaaaaw6tajgwb5brzrrjdk4opoutjkb3rpk5avw66cehjwzeqqk246ena"
              }
            ],
            "state": "AVAILABLE",
            "time_created": "2025-04-04 05:01:35.697 +0000 UTC",
            "timeouts": null,
            "vcn_id": "ocid1.vcn.oc1.mx-queretaro-1.amaaaaaatjjajiiay7vkxrrpeegrkhjj2vae5snvo2ll6ke4gofqfep4kwya"
          },
          "sensitive_attributes": [],
          "private": "eyJlMmJmYjczMC1lY2FhLTExZTYtOGY4OC0zNDM2M2JjN2M0YzAiOnsiY3JlYXRlIjoxMjAwMDAwMDAwMDAwLCJkZWxldGUiOjEyMDAwMDAwMDAwMDAsInVwZGF0ZSI6MTIwMDAwMDAwMDAwMH19",
          "dependencies": [
            "data.oci_core_services.services",
            "oci_core_nat_gateway.ngw",
            "oci_core_service_gateway.sgw",
            "oci_core_vcn.okevcn"
          ]
        }
      ]
    },
    {
      "mode": "managed",
      "type": "oci_core_security_list",
      "name": "endpoint",
      "provider": "provider[\"registry.terraform.io/hashicorp/oci\"]",
      "instances": [
        {
          "schema_version": 0,
          "attributes": {
            "compartment_id": "ocid1.compartment.oc1..aaaaaaaaw6jjk4gi35ylu2lup3rwvfx5dqmvstwtt7wv3vc5xeu7vmsdb3kq",
            "defined_tags": {
              "Oracle-Tags.CreatedBy": "default/a01637983@tec.mx",
              "Oracle-Tags.CreatedOn": "2025-04-04T05:01:31.391Z"
            },
            "display_name": "endpoint",
            "egress_security_rules": [
              {
                "description": "All traffic to worker nodes",
                "destination": "10.0.10.0/24",
                "destination_type": "CIDR_BLOCK",
                "icmp_options": [],
                "protocol": "6",
                "stateless": false,
                "tcp_options": [],
                "udp_options": []
              },
              {
                "description": "Allow Kubernetes Control Plane to communicate with OKE",
                "destination": "all-qro-services-in-oracle-services-network",
                "destination_type": "SERVICE_CIDR_BLOCK",
                "icmp_options": [],
                "protocol": "6",
                "stateless": false,
                "tcp_options": [
                  {
                    "max": 443,
                    "min": 443,
                    "source_port_range": []
                  }
                ],
                "udp_options": []
              },
              {
                "description": "Path Discovery",
                "destination": "10.0.10.0/24",
                "destination_type": "CIDR_BLOCK",
                "icmp_options": [
                  {
                    "code": 4,
                    "type": 3
                  }
                ],
                "protocol": "1",
                "stateless": false,
                "tcp_options": [],
                "udp_options": []
              }
            ],
            "freeform_tags": {},
            "id": "ocid1.securitylist.oc1.mx-queretaro-1.aaaaaaaafb4mrkop4c3kau2mp7mezovxw5ho7otiltjn75bthy7gxoqrimba",
            "ingress_security_rules": [
              {
                "description": "External access to Kubernetes API Endpoint",
                "icmp_options": [],
                "protocol": "6",
                "source": "0.0.0.0/0",
                "source_type": "CIDR_BLOCK",
                "stateless": false,
                "tcp_options": [
                  {
                    "max": 6443,
                    "min": 6443,
                    "source_port_range": []
                  }
                ],
                "udp_options": []
              },
              {
                "description": "Kubernetes woker to control plane communication",
                "icmp_options": [],
                "protocol": "6",
                "source": "10.0.10.0/24",
                "source_type": "CIDR_BLOCK",
                "stateless": false,
                "tcp_options": [
                  {
                    "max": 12250,
                    "min": 12250,
                    "source_port_range": []
                  }
                ],
                "udp_options": []
              },
              {
                "description": "Kubernetes worker to Kubernetes API endpoint communication",
                "icmp_options": [],
                "protocol": "6",
                "source": "10.0.10.0/24",
                "source_type": "CIDR_BLOCK",
                "stateless": false,
                "tcp_options": [
                  {
                    "max": 6443,
                    "min": 6443,
                    "source_port_range": []
                  }
                ],
                "udp_options": []
              },
              {
                "description": "Path Discovery",
                "icmp_options": [
                  {
                    "code": 4,
                    "type": 3
                  }
                ],
                "protocol": "1",
                "source": "10.0.10.0/24",
                "source_type": "CIDR_BLOCK",
                "stateless": false,
                "tcp_options": [],
                "udp_options": []
              }
            ],
            "state": "AVAILABLE",
            "time_created": "2025-04-04 05:01:31.534 +0000 UTC",
            "timeouts": null,
            "vcn_id": "ocid1.vcn.oc1.mx-queretaro-1.amaaaaaatjjajiiay7vkxrrpeegrkhjj2vae5snvo2ll6ke4gofqfep4kwya"
          },
          "sensitive_attributes": [],
          "private": "eyJlMmJmYjczMC1lY2FhLTExZTYtOGY4OC0zNDM2M2JjN2M0YzAiOnsiY3JlYXRlIjoxMjAwMDAwMDAwMDAwLCJkZWxldGUiOjEyMDAwMDAwMDAwMDAsInVwZGF0ZSI6MTIwMDAwMDAwMDAwMH19",
          "dependencies": [
            "data.oci_core_services.services",
            "oci_core_vcn.okevcn"
          ]
        }
      ]
    },
    {
      "mode": "managed",
      "type": "oci_core_security_list",
      "name": "nodePool",
      "provider": "provider[\"registry.terraform.io/hashicorp/oci\"]",
      "instances": [
        {
          "schema_version": 0,
          "attributes": {
            "compartment_id": "ocid1.compartment.oc1..aaaaaaaaw6jjk4gi35ylu2lup3rwvfx5dqmvstwtt7wv3vc5xeu7vmsdb3kq",
            "defined_tags": {
              "Oracle-Tags.CreatedBy": "default/a01637983@tec.mx",
              "Oracle-Tags.CreatedOn": "2025-04-04T05:01:31.398Z"
            },
            "display_name": "nodepool",
            "egress_security_rules": [
              {
                "description": "Access to Kubernetes API endpoint",
                "destination": "10.0.0.0/28",
                "destination_type": "CIDR_BLOCK",
                "icmp_options": [],
                "protocol": "6",
                "stateless": false,
                "tcp_options": [
                  {
                    "max": 6443,
                    "min": 6443,
                    "source_port_range": []
                  }
                ],
                "udp_options": []
              },
              {
                "description": "Allow nodes to communicate with OKE to ensure correct start-up and continued functioning",
                "destination": "all-qro-services-in-oracle-services-network",
                "destination_type": "SERVICE_CIDR_BLOCK",
                "icmp_options": [],
                "protocol": "6",
                "stateless": false,
                "tcp_options": [
                  {
                    "max": 443,
                    "min": 443,
                    "source_port_range": []
                  }
                ],
                "udp_options": []
              },
              {
                "description": "Allow pods on one worker node to communicate with pods on other worker nodes",
                "destination": "10.0.10.0/24",
                "destination_type": "CIDR_BLOCK",
                "icmp_options": [],
                "protocol": "all",
                "stateless": false,
                "tcp_options": [],
                "udp_options": []
              },
              {
                "description": "ICMP Access from Kubernetes Control Plane",
                "destination": "0.0.0.0/0",
                "destination_type": "CIDR_BLOCK",
                "icmp_options": [
                  {
                    "code": 4,
                    "type": 3
                  }
                ],
                "protocol": "1",
                "stateless": false,
                "tcp_options": [],
                "udp_options": []
              },
              {
                "description": "Kubernetes worker to control plane communication",
                "destination": "10.0.0.0/28",
                "destination_type": "CIDR_BLOCK",
                "icmp_options": [],
                "protocol": "6",
                "stateless": false,
                "tcp_options": [
                  {
                    "max": 12250,
                    "min": 12250,
                    "source_port_range": []
                  }
                ],
                "udp_options": []
              },
              {
                "description": "Path Discovery",
                "destination": "10.0.0.0/28",
                "destination_type": "CIDR_BLOCK",
                "icmp_options": [
                  {
                    "code": 4,
                    "type": 3
                  }
                ],
                "protocol": "1",
                "stateless": false,
                "tcp_options": [],
                "udp_options": []
              },
              {
                "description": "Worker Nodes access to Internet",
                "destination": "0.0.0.0/0",
                "destination_type": "CIDR_BLOCK",
                "icmp_options": [],
                "protocol": "all",
                "stateless": false,
                "tcp_options": [],
                "udp_options": []
              }
            ],
            "freeform_tags": {},
            "id": "ocid1.securitylist.oc1.mx-queretaro-1.aaaaaaaayb3noc3eiq6taxj5adog62kzqz2set6646d6rtf6eyfymn63wnrq",
            "ingress_security_rules": [
              {
                "description": "Allow pods on one worker node to communicate with pods on other worker nodes",
                "icmp_options": [],
                "protocol": "all",
                "source": "10.0.10.0/24",
                "source_type": "CIDR_BLOCK",
                "stateless": false,
                "tcp_options": [],
                "udp_options": []
              },
              {
                "description": "External access to Kubernetes API Endpoint",
                "icmp_options": [],
                "protocol": "6",
                "source": "0.0.0.0/0",
                "source_type": "CIDR_BLOCK",
                "stateless": false,
                "tcp_options": [
                  {
                    "max": 6443,
                    "min": 6443,
                    "source_port_range": []
                  }
                ],
                "udp_options": []
              },
              {
                "description": "Inbound SSH traffic to worker nodes",
                "icmp_options": [],
                "protocol": "6",
                "source": "0.0.0.0/0",
                "source_type": "CIDR_BLOCK",
                "stateless": false,
                "tcp_options": [
                  {
                    "max": 22,
                    "min": 22,
                    "source_port_range": []
                  }
                ],
                "udp_options": []
              },
              {
                "description": "Path Discovery",
                "icmp_options": [
                  {
                    "code": 4,
                    "type": 3
                  }
                ],
                "protocol": "1",
                "source": "10.0.0.0/28",
                "source_type": "CIDR_BLOCK",
                "stateless": false,
                "tcp_options": [],
                "udp_options": []
              },
              {
                "description": "TCP access from Kubernetes Control Plane",
                "icmp_options": [],
                "protocol": "6",
                "source": "10.0.0.0/28",
                "source_type": "CIDR_BLOCK",
                "stateless": false,
                "tcp_options": [],
                "udp_options": []
              }
            ],
            "state": "AVAILABLE",
            "time_created": "2025-04-04 05:01:31.433 +0000 UTC",
            "timeouts": null,
            "vcn_id": "ocid1.vcn.oc1.mx-queretaro-1.amaaaaaatjjajiiay7vkxrrpeegrkhjj2vae5snvo2ll6ke4gofqfep4kwya"
          },
          "sensitive_attributes": [],
          "private": "eyJlMmJmYjczMC1lY2FhLTExZTYtOGY4OC0zNDM2M2JjN2M0YzAiOnsiY3JlYXRlIjoxMjAwMDAwMDAwMDAwLCJkZWxldGUiOjEyMDAwMDAwMDAwMDAsInVwZGF0ZSI6MTIwMDAwMDAwMDAwMH19",
          "dependencies": [
            "data.oci_core_services.services",
            "oci_core_vcn.okevcn"
          ]
        }
      ]
    },
    {
      "mode": "managed",
      "type": "oci_core_security_list",
      "name": "svclb_sl",
      "provider": "provider[\"registry.terraform.io/hashicorp/oci\"]",
      "instances": [
        {
          "schema_version": 0,
          "attributes": {
            "compartment_id": "ocid1.compartment.oc1..aaaaaaaaw6jjk4gi35ylu2lup3rwvfx5dqmvstwtt7wv3vc5xeu7vmsdb3kq",
            "defined_tags": {
              "Oracle-Tags.CreatedBy": "default/a01637983@tec.mx",
              "Oracle-Tags.CreatedOn": "2025-04-04T05:01:31.405Z"
            },
            "display_name": "scvlb",
            "egress_security_rules": [
              {
                "description": "",
                "destination": "0.0.0.0/0",
                "destination_type": "CIDR_BLOCK",
                "icmp_options": [],
                "protocol": "6",
                "stateless": false,
                "tcp_options": [],
                "udp_options": []
              }
            ],
            "freeform_tags": {},
            "id": "ocid1.securitylist.oc1.mx-queretaro-1.aaaaaaaaoow6u3xq7cvperpj3xhmrv57pr3b5rkneupcvtmckmcvshxsnmfq",
            "ingress_security_rules": [
              {
                "description": "",
                "icmp_options": [],
                "protocol": "6",
                "source": "0.0.0.0/0",
                "source_type": "CIDR_BLOCK",
                "stateless": false,
                "tcp_options": [],
                "udp_options": []
              }
            ],
            "state": "AVAILABLE",
            "time_created": "2025-04-04 05:01:31.442 +0000 UTC",
            "timeouts": null,
            "vcn_id": "ocid1.vcn.oc1.mx-queretaro-1.amaaaaaatjjajiiay7vkxrrpeegrkhjj2vae5snvo2ll6ke4gofqfep4kwya"
          },
          "sensitive_attributes": [],
          "private": "eyJlMmJmYjczMC1lY2FhLTExZTYtOGY4OC0zNDM2M2JjN2M0YzAiOnsiY3JlYXRlIjoxMjAwMDAwMDAwMDAwLCJkZWxldGUiOjEyMDAwMDAwMDAwMDAsInVwZGF0ZSI6MTIwMDAwMDAwMDAwMH19",
          "dependencies": [
            "oci_core_vcn.okevcn"
          ]
        }
      ]
    },
    {
      "mode": "managed",
      "type": "oci_core_service_gateway",
      "name": "sgw",
      "provider": "provider[\"registry.terraform.io/hashicorp/oci\"]",
      "instances": [
        {
          "schema_version": 0,
          "attributes": {
            "block_traffic": false,
            "compartment_id": "ocid1.compartment.oc1..aaaaaaaaw6jjk4gi35ylu2lup3rwvfx5dqmvstwtt7wv3vc5xeu7vmsdb3kq",
            "defined_tags": {
              "Oracle-Tags.CreatedBy": "default/a01637983@tec.mx",
              "Oracle-Tags.CreatedOn": "2025-04-04T05:01:31.373Z"
            },
            "display_name": "mtdr_sgw",
            "freeform_tags": {},
            "id": "ocid1.servicegateway.oc1.mx-queretaro-1.aaaaaaaaqo2yfsa7yzhx5fhqjuvdmd6qjsxgkobyndqohbedtcztjo34ku7q",
            "route_table_id": null,
            "services": [
              {
                "service_id": "ocid1.service.oc1.mx-queretaro-1.aaaaaaaayvg3nrjmjfutkwgtod4g36arka7blin2p3e4fhc5ryv5ciqf7vaq",
                "service_name": "All QRO Services In Oracle Services Network"
              }
            ],
            "state": "AVAILABLE",
            "time_created": "2025-04-04 05:01:33.332 +0000 UTC",
            "timeouts": null,
            "vcn_id": "ocid1.vcn.oc1.mx-queretaro-1.amaaaaaatjjajiiay7vkxrrpeegrkhjj2vae5snvo2ll6ke4gofqfep4kwya"
          },
          "sensitive_attributes": [],
          "private": "eyJlMmJmYjczMC1lY2FhLTExZTYtOGY4OC0zNDM2M2JjN2M0YzAiOnsiY3JlYXRlIjoxMjAwMDAwMDAwMDAwLCJkZWxldGUiOjEyMDAwMDAwMDAwMDAsInVwZGF0ZSI6MTIwMDAwMDAwMDAwMH19",
          "dependencies": [
            "data.oci_core_services.services",
            "oci_core_vcn.okevcn"
          ]
        }
      ]
    },
    {
      "mode": "managed",
      "type": "oci_core_subnet",
      "name": "endpoint",
      "provider": "provider[\"registry.terraform.io/hashicorp/oci\"]",
      "instances": [
        {
          "schema_version": 0,
          "attributes": {
            "availability_domain": null,
            "cidr_block": "10.0.0.0/28",
            "compartment_id": "ocid1.compartment.oc1..aaaaaaaaw6jjk4gi35ylu2lup3rwvfx5dqmvstwtt7wv3vc5xeu7vmsdb3kq",
            "defined_tags": {
              "Oracle-Tags.CreatedBy": "default/a01637983@tec.mx",
              "Oracle-Tags.CreatedOn": "2025-04-04T05:01:31.901Z"
            },
            "dhcp_options_id": "ocid1.dhcpoptions.oc1.mx-queretaro-1.aaaaaaaaraccuourlkyneoemobtz2a4uym4exxigmogea5lltm2ltbkalr7q",
            "display_name": "subnet1ForNodePool",
            "dns_label": "endpoint",
            "freeform_tags": {},
            "id": "ocid1.subnet.oc1.mx-queretaro-1.aaaaaaaakmswmqu7kdmfmjoopsan7xgtxbcs62bymmtyzm2qxzanrwvfo6gq",
            "ipv6cidr_block": null,
            "ipv6virtual_router_ip": null,
            "prohibit_internet_ingress": false,
            "prohibit_public_ip_on_vnic": false,
            "route_table_id": "ocid1.routetable.oc1.mx-queretaro-1.aaaaaaaaqs2uyms3yhxh5u4ibu3fkqs3abqnyewndrblkiiwzsc37ffrzejq",
            "security_list_ids": [
              "ocid1.securitylist.oc1.mx-queretaro-1.aaaaaaaafb4mrkop4c3kau2mp7mezovxw5ho7otiltjn75bthy7gxoqrimba"
            ],
            "state": "AVAILABLE",
            "subnet_domain_name": "endpoint.mtdrworkshop.oraclevcn.com",
            "time_created": "2025-04-04 05:01:32.164 +0000 UTC",
            "timeouts": null,
            "vcn_id": "ocid1.vcn.oc1.mx-queretaro-1.amaaaaaatjjajiiay7vkxrrpeegrkhjj2vae5snvo2ll6ke4gofqfep4kwya",
            "virtual_router_ip": "10.0.0.1",
            "virtual_router_mac": "00:00:17:2E:EF:4E"
          },
          "sensitive_attributes": [],
          "private": "eyJlMmJmYjczMC1lY2FhLTExZTYtOGY4OC0zNDM2M2JjN2M0YzAiOnsiY3JlYXRlIjoxMjAwMDAwMDAwMDAwLCJkZWxldGUiOjEyMDAwMDAwMDAwMDAsInVwZGF0ZSI6MTIwMDAwMDAwMDAwMH19",
          "dependencies": [
            "data.oci_core_services.services",
            "oci_core_security_list.endpoint",
            "oci_core_vcn.okevcn"
          ]
        }
      ]
    },
    {
      "mode": "managed",
      "type": "oci_core_subnet",
      "name": "nodePool_Subnet",
      "provider": "provider[\"registry.terraform.io/hashicorp/oci\"]",
      "instances": [
        {
          "schema_version": 0,
          "attributes": {
            "availability_domain": null,
            "cidr_block": "10.0.10.0/24",
            "compartment_id": "ocid1.compartment.oc1..aaaaaaaaw6jjk4gi35ylu2lup3rwvfx5dqmvstwtt7wv3vc5xeu7vmsdb3kq",
            "defined_tags": {
              "Oracle-Tags.CreatedBy": "default/a01637983@tec.mx",
              "Oracle-Tags.CreatedOn": "2025-04-04T05:01:36.072Z"
            },
            "dhcp_options_id": "ocid1.dhcpoptions.oc1.mx-queretaro-1.aaaaaaaaraccuourlkyneoemobtz2a4uym4exxigmogea5lltm2ltbkalr7q",
            "display_name": "SubNet1ForNodePool",
            "dns_label": "nodepool",
            "freeform_tags": {},
            "id": "ocid1.subnet.oc1.mx-queretaro-1.aaaaaaaaq5r4b2gwwykfwxbpgkc7jcchocfboi7hoisyuseuzuau2dajqvqa",
            "ipv6cidr_block": null,
            "ipv6virtual_router_ip": null,
            "prohibit_internet_ingress": true,
            "prohibit_public_ip_on_vnic": true,
            "route_table_id": "ocid1.routetable.oc1.mx-queretaro-1.aaaaaaaafhiooagno3b2mfm4tnfyc3lmvz2zbllfnqv72epxul3thfdrfstq",
            "security_list_ids": [
              "ocid1.securitylist.oc1.mx-queretaro-1.aaaaaaaayb3noc3eiq6taxj5adog62kzqz2set6646d6rtf6eyfymn63wnrq"
            ],
            "state": "AVAILABLE",
            "subnet_domain_name": "nodepool.mtdrworkshop.oraclevcn.com",
            "time_created": "2025-04-04 05:01:36.12 +0000 UTC",
            "timeouts": null,
            "vcn_id": "ocid1.vcn.oc1.mx-queretaro-1.amaaaaaatjjajiiay7vkxrrpeegrkhjj2vae5snvo2ll6ke4gofqfep4kwya",
            "virtual_router_ip": "10.0.10.1",
            "virtual_router_mac": "00:00:17:2E:EF:4E"
          },
          "sensitive_attributes": [],
          "private": "eyJlMmJmYjczMC1lY2FhLTExZTYtOGY4OC0zNDM2M2JjN2M0YzAiOnsiY3JlYXRlIjoxMjAwMDAwMDAwMDAwLCJkZWxldGUiOjEyMDAwMDAwMDAwMDAsInVwZGF0ZSI6MTIwMDAwMDAwMDAwMH19",
          "dependencies": [
            "data.oci_core_services.services",
            "oci_core_nat_gateway.ngw",
            "oci_core_route_table.private",
            "oci_core_security_list.nodePool",
            "oci_core_service_gateway.sgw",
            "oci_core_vcn.okevcn"
          ]
        }
      ]
    },
    {
      "mode": "managed",
      "type": "oci_core_subnet",
      "name": "svclb_Subnet",
      "provider": "provider[\"registry.terraform.io/hashicorp/oci\"]",
      "instances": [
        {
          "schema_version": 0,
          "attributes": {
            "availability_domain": null,
            "cidr_block": "10.0.20.0/24",
            "compartment_id": "ocid1.compartment.oc1..aaaaaaaaw6jjk4gi35ylu2lup3rwvfx5dqmvstwtt7wv3vc5xeu7vmsdb3kq",
            "defined_tags": {
              "Oracle-Tags.CreatedBy": "default/a01637983@tec.mx",
              "Oracle-Tags.CreatedOn": "2025-04-04T05:01:31.749Z"
            },
            "dhcp_options_id": "ocid1.dhcpoptions.oc1.mx-queretaro-1.aaaaaaaaraccuourlkyneoemobtz2a4uym4exxigmogea5lltm2ltbkalr7q",
            "display_name": "Subnet1 for svclb",
            "dns_label": "svclb",
            "freeform_tags": {},
            "id": "ocid1.subnet.oc1.mx-queretaro-1.aaaaaaaajw7ng52h7yfu3fqkqluwlhb3bk6wnqzk3ipsdt62ifx2agm374eq",
            "ipv6cidr_block": null,
            "ipv6virtual_router_ip": null,
            "prohibit_internet_ingress": false,
            "prohibit_public_ip_on_vnic": false,
            "route_table_id": "ocid1.routetable.oc1.mx-queretaro-1.aaaaaaaaqs2uyms3yhxh5u4ibu3fkqs3abqnyewndrblkiiwzsc37ffrzejq",
            "security_list_ids": [
              "ocid1.securitylist.oc1.mx-queretaro-1.aaaaaaaaoow6u3xq7cvperpj3xhmrv57pr3b5rkneupcvtmckmcvshxsnmfq"
            ],
            "state": "AVAILABLE",
            "subnet_domain_name": "svclb.mtdrworkshop.oraclevcn.com",
            "time_created": "2025-04-04 05:01:31.797 +0000 UTC",
            "timeouts": null,
            "vcn_id": "ocid1.vcn.oc1.mx-queretaro-1.amaaaaaatjjajiiay7vkxrrpeegrkhjj2vae5snvo2ll6ke4gofqfep4kwya",
            "virtual_router_ip": "10.0.20.1",
            "virtual_router_mac": "00:00:17:2E:EF:4E"
          },
          "sensitive_attributes": [],
          "private": "eyJlMmJmYjczMC1lY2FhLTExZTYtOGY4OC0zNDM2M2JjN2M0YzAiOnsiY3JlYXRlIjoxMjAwMDAwMDAwMDAwLCJkZWxldGUiOjEyMDAwMDAwMDAwMDAsInVwZGF0ZSI6MTIwMDAwMDAwMDAwMH19",
          "dependencies": [
            "oci_core_security_list.svclb_sl",
            "oci_core_vcn.okevcn"
          ]
        }
      ]
    },
    {
      "mode": "managed",
      "type": "oci_core_vcn",
      "name": "okevcn",
      "provider": "provider[\"registry.terraform.io/hashicorp/oci\"]",
      "instances": [
        {
          "schema_version": 0,
          "attributes": {
            "cidr_block": "10.0.0.0/16",
            "cidr_blocks": [
              "10.0.0.0/16"
            ],
            "compartment_id": "ocid1.compartment.oc1..aaaaaaaaw6jjk4gi35ylu2lup3rwvfx5dqmvstwtt7wv3vc5xeu7vmsdb3kq",
            "default_dhcp_options_id": "ocid1.dhcpoptions.oc1.mx-queretaro-1.aaaaaaaaraccuourlkyneoemobtz2a4uym4exxigmogea5lltm2ltbkalr7q",
            "default_route_table_id": "ocid1.routetable.oc1.mx-queretaro-1.aaaaaaaaqs2uyms3yhxh5u4ibu3fkqs3abqnyewndrblkiiwzsc37ffrzejq",
            "default_security_list_id": "ocid1.securitylist.oc1.mx-queretaro-1.aaaaaaaa73z3yw3olwdeicnghq3syixko57jzwb7si2beieodswm2pwisqaa",
            "defined_tags": {
              "Oracle-Tags.CreatedBy": "default/a01637983@tec.mx",
              "Oracle-Tags.CreatedOn": "2025-04-04T05:01:30.839Z"
            },
            "display_name": "mtdrworkshop-hviyu",
            "dns_label": "mtdrworkshop",
            "freeform_tags": {},
            "id": "ocid1.vcn.oc1.mx-queretaro-1.amaaaaaatjjajiiay7vkxrrpeegrkhjj2vae5snvo2ll6ke4gofqfep4kwya",
            "ipv6cidr_blocks": [],
            "is_ipv6enabled": false,
            "state": "AVAILABLE",
            "time_created": "2025-04-04 05:01:30.896 +0000 UTC",
            "timeouts": null,
            "vcn_domain_name": "mtdrworkshop.oraclevcn.com"
          },
          "sensitive_attributes": [],
          "private": "eyJlMmJmYjczMC1lY2FhLTExZTYtOGY4OC0zNDM2M2JjN2M0YzAiOnsiY3JlYXRlIjoxMjAwMDAwMDAwMDAwLCJkZWxldGUiOjEyMDAwMDAwMDAwMDAsInVwZGF0ZSI6MTIwMDAwMDAwMDAwMH19"
        }
      ]
    },
    {
      "mode": "managed",
      "type": "oci_database_autonomous_database",
      "name": "autonomous_database_atp",
      "provider": "provider[\"registry.terraform.io/hashicorp/oci\"]",
      "instances": [
        {
          "schema_version": 0,
          "attributes": {
            "admin_password": "YjEz4vMOsFxK",
            "apex_details": [
              {
                "apex_version": "",
                "ords_version": "24.4.1.038.1713"
              }
            ],
            "are_primary_whitelisted_ips_used": null,
            "autonomous_container_database_id": null,
            "autonomous_database_backup_id": null,
            "autonomous_database_id": null,
            "autonomous_maintenance_schedule_type": "REGULAR",
            "available_upgrade_versions": [],
            "backup_config": [
              {
                "manual_backup_bucket_name": "",
                "manual_backup_type": "NONE"
              }
            ],
            "clone_type": null,
            "compartment_id": "ocid1.compartment.oc1..aaaaaaaaw6jjk4gi35ylu2lup3rwvfx5dqmvstwtt7wv3vc5xeu7vmsdb3kq",
            "connection_strings": [
              {
                "all_connection_strings": {
                  "HIGH": "adb.mx-queretaro-1.oraclecloud.com:1522/gbd00a36cf78f95_reacttodohviyu_high.adb.oraclecloud.com",
                  "LOW": "adb.mx-queretaro-1.oraclecloud.com:1522/gbd00a36cf78f95_reacttodohviyu_low.adb.oraclecloud.com",
                  "MEDIUM": "adb.mx-queretaro-1.oraclecloud.com:1522/gbd00a36cf78f95_reacttodohviyu_medium.adb.oraclecloud.com",
                  "TP": "adb.mx-queretaro-1.oraclecloud.com:1522/gbd00a36cf78f95_reacttodohviyu_tp.adb.oraclecloud.com",
                  "TPURGENT": "adb.mx-queretaro-1.oraclecloud.com:1522/gbd00a36cf78f95_reacttodohviyu_tpurgent.adb.oraclecloud.com"
                },
                "dedicated": "",
                "high": "adb.mx-queretaro-1.oraclecloud.com:1522/gbd00a36cf78f95_reacttodohviyu_high.adb.oraclecloud.com",
                "low": "adb.mx-queretaro-1.oraclecloud.com:1522/gbd00a36cf78f95_reacttodohviyu_low.adb.oraclecloud.com",
                "medium": "adb.mx-queretaro-1.oraclecloud.com:1522/gbd00a36cf78f95_reacttodohviyu_medium.adb.oraclecloud.com"
              }
            ],
            "connection_urls": [
              {
                "apex_url": "https://GBD00A36CF78F95-REACTTODOHVIYU.adb.mx-queretaro-1.oraclecloudapps.com/ords/apex",
                "graph_studio_url": "https://GBD00A36CF78F95-REACTTODOHVIYU.adb.mx-queretaro-1.oraclecloudapps.com/graphstudio/",
                "machine_learning_user_management_url": "https://GBD00A36CF78F95-REACTTODOHVIYU.adb.mx-queretaro-1.oraclecloudapps.com/omlusers/",
                "sql_dev_web_url": "https://GBD00A36CF78F95-REACTTODOHVIYU.adb.mx-queretaro-1.oraclecloudapps.com/ords/sql-developer"
              }
            ],
            "cpu_core_count": 0,
            "customer_contacts": [],
            "data_safe_status": "NOT_REGISTERED",
            "data_storage_size_in_gb": 20,
            "data_storage_size_in_tbs": 1,
            "db_name": "reacttodohviyu",
            "db_version": "19c",
            "db_workload": "OLTP",
            "defined_tags": {
              "Oracle-Tags.CreatedBy": "default/a01637983@tec.mx",
              "Oracle-Tags.CreatedOn": "2025-04-04T05:01:32.144Z"
            },
            "display_name": "MTDRDB",
            "failed_data_recovery_in_seconds": null,
            "freeform_tags": {},
            "id": "ocid1.autonomousdatabase.oc1.mx-queretaro-1.anyxeljrtjjajiia36fxfnax5rgzi6vml6rhkq4z2dpyh6dkjak3b37dqvpa",
            "infrastructure_type": "",
            "is_access_control_enabled": null,
            "is_auto_scaling_enabled": false,
            "is_data_guard_enabled": false,
            "is_dedicated": false,
            "is_free_tier": true,
            "is_preview": false,
            "is_preview_version_with_service_terms_accepted": false,
            "is_refreshable_clone": null,
            "key_history_entry": [
              {
                "id": "ORACLE_MANAGED_KEY",
                "time_activated": "2025-04-04 05:02:09.078 +0000 UTC",
                "vault_id": ""
              }
            ],
            "key_store_id": null,
            "key_store_wallet_name": null,
            "kms_key_id": "ORACLE_MANAGED_KEY",
            "kms_key_lifecycle_details": null,
            "license_model": "LICENSE_INCLUDED",
            "lifecycle_details": null,
            "nsg_ids": [],
            "ocpu_count": null,
            "open_mode": "READ_WRITE",
            "operations_insights_status": "NOT_ENABLED",
            "permission_level": "UNRESTRICTED",
            "private_endpoint": null,
            "private_endpoint_ip": null,
            "private_endpoint_label": null,
            "refreshable_mode": null,
            "refreshable_status": "",
            "role": "",
            "rotate_key_trigger": null,
            "service_console_url": null,
            "source": null,
            "source_id": null,
            "standby_db": [],
            "standby_whitelisted_ips": [],
            "state": "AVAILABLE",
            "subnet_id": null,
            "switchover_to": null,
            "system_tags": {
              "orcl-cloud.free-tier-retained": "true"
            },
            "time_created": "2025-04-04 05:01:32.166 +0000 UTC",
            "time_deletion_of_free_autonomous_database": null,
            "time_maintenance_begin": "2025-04-05 05:00:00 +0000 UTC",
            "time_maintenance_end": "2025-04-05 07:00:00 +0000 UTC",
            "time_of_last_failover": null,
            "time_of_last_refresh": null,
            "time_of_last_refresh_point": null,
            "time_of_last_switchover": null,
            "time_of_next_refresh": null,
            "time_reclamation_of_free_autonomous_database": null,
            "timeouts": null,
            "timestamp": null,
            "used_data_storage_size_in_tbs": null,
            "vault_id": null,
            "whitelisted_ips": null
          },
          "sensitive_attributes": [
            [
              {
                "type": "get_attr",
                "value": "admin_password"
              }
            ]
          ],
          "private": "eyJlMmJmYjczMC1lY2FhLTExZTYtOGY4OC0zNDM2M2JjN2M0YzAiOnsiY3JlYXRlIjo0MzIwMDAwMDAwMDAwMCwiZGVsZXRlIjo0MzIwMDAwMDAwMDAwMCwidXBkYXRlIjo0MzIwMDAwMDAwMDAwMH19",
          "dependencies": [
            "random_password.database_admin_password"
          ]
        }
      ]
    },
    {
      "mode": "managed",
      "type": "oci_objectstorage_bucket",
      "name": "dbbucket",
      "provider": "provider[\"registry.terraform.io/hashicorp/oci\"]",
      "instances": [
        {
          "schema_version": 0,
          "attributes": {
            "access_type": "NoPublicAccess",
            "approximate_count": "0",
            "approximate_size": "0",
            "auto_tiering": "Disabled",
            "bucket_id": "ocid1.bucket.oc1.mx-queretaro-1.aaaaaaaadnofhnda5e5kh54yue6wsszs4hg2k4n3vezdlnjxqlg3u6rhlska",
            "compartment_id": "ocid1.compartment.oc1..aaaaaaaaw6jjk4gi35ylu2lup3rwvfx5dqmvstwtt7wv3vc5xeu7vmsdb3kq",
            "created_by": "ocid1.user.oc1..aaaaaaaas7n63mteblaigpjpcriodezwaunkyrqa2fn6z7fuvq5frikdxmia",
            "defined_tags": {
              "Oracle-Tags.CreatedBy": "default/a01637983@tec.mx",
              "Oracle-Tags.CreatedOn": "2025-04-04T05:01:30.823Z"
            },
            "etag": "0c6fd10f-de2c-429f-afd7-c0bf99c04c7a",
            "freeform_tags": {},
            "id": "n/axcez6ydclsd/b/reacttodo-hviyu",
            "is_read_only": false,
            "kms_key_id": null,
            "metadata": null,
            "name": "reacttodo-hviyu",
            "namespace": "axcez6ydclsd",
            "object_events_enabled": false,
            "object_lifecycle_policy_etag": null,
            "replication_enabled": false,
            "retention_rules": [],
            "storage_tier": "Standard",
            "time_created": "2025-04-04 05:01:30.83 +0000 UTC",
            "timeouts": null,
            "versioning": "Disabled"
          },
          "sensitive_attributes": [],
          "private": "eyJlMmJmYjczMC1lY2FhLTExZTYtOGY4OC0zNDM2M2JjN2M0YzAiOnsiY3JlYXRlIjoxMjAwMDAwMDAwMDAwLCJkZWxldGUiOjEyMDAwMDAwMDAwMDAsInVwZGF0ZSI6MTIwMDAwMDAwMDAwMH19",
          "dependencies": [
            "data.oci_objectstorage_namespace.namespace"
          ]
        }
      ]
    },
    {
      "mode": "managed",
      "type": "random_password",
      "name": "database_admin_password",
      "provider": "provider[\"registry.terraform.io/hashicorp/random\"]",
      "instances": [
        {
          "schema_version": 3,
          "attributes": {
            "bcrypt_hash": "$2a$10$uQ5lh7pWqe02DX4A4FoYZeEZM4DoohQJIByyIRZxYGrBKhx2vSnj6",
            "id": "none",
            "keepers": null,
            "length": 12,
            "lower": true,
            "min_lower": 1,
            "min_numeric": 1,
            "min_special": 0,
            "min_upper": 1,
            "number": true,
            "numeric": true,
            "override_special": null,
            "result": "YjEz4vMOsFxK",
            "special": false,
            "upper": true
          },
          "sensitive_attributes": []
        }
      ]
    },
    {
      "mode": "managed",
      "type": "random_string",
      "name": "autonomous_database_wallet_password",
      "provider": "provider[\"registry.terraform.io/hashicorp/random\"]",
      "instances": [
        {
          "schema_version": 2,
          "attributes": {
            "id": "hTxNWv#ahxIZ!?wF",
            "keepers": null,
            "length": 16,
            "lower": true,
            "min_lower": 0,
            "min_numeric": 0,
            "min_special": 0,
            "min_upper": 0,
            "number": true,
            "numeric": true,
            "override_special": null,
            "result": "hTxNWv#ahxIZ!?wF",
            "special": true,
            "upper": true
          },
          "sensitive_attributes": []
        }
      ]
    }
  ],
  "check_results": null
}
